
Microsoft Visual Studio Solution File, Format Version 12.00
# Visual Studio Version 16
VisualStudioVersion = 16.0.30804.86
MinimumVisualStudioVersion = 10.0.40219.1
Project("{FAE04EC0-301F-11D3-BF4B-00C04F79EFBC}") = "serverproject", "serverproject\serverproject.csproj", "{B3F79937-CD2A-4012-9EE4-16E86E99ACED}"
EndProject
Global
	GlobalSection(SolutionConfigurationPlatforms) = preSolution
		Debug|Any CPU = Debug|Any CPU
		Release|Any CPU = Release|Any CPU
	EndGlobalSection
	GlobalSection(ProjectConfigurationPlatforms) = postSolution
		{B3F79937-CD2A-4012-9EE4-16E86E99ACED}.Debug|Any CPU.ActiveCfg = Debug|Any CPU
		{B3F79937-CD2A-4012-9EE4-16E86E99ACED}.Debug|Any CPU.Build.0 = Debug|Any CPU
		{B3F79937-CD2A-4012-9EE4-16E86E99ACED}.Release|Any CPU.ActiveCfg = Release|Any CPU
		{B3F79937-CD2A-4012-9EE4-16E86E99ACED}.Release|Any CPU.Build.0 = Release|Any CPU
	EndGlobalSection
	GlobalSection(SolutionProperties) = preSolution
		HideSolutionNode = FALSE
	EndGlobalSection
	GlobalSection(ExtensibilityGlobals) = postSolution
		SolutionGuid = {ACD3A5AD-FC58-4BFC-92B1-67AE0770539B}
	EndGlobalSection
EndGlobal
